
Microsoft Visual Studio Solution File, Format Version 12.00
# Visual Studio Version 16
VisualStudioVersion = 16.0.31624.102
MinimumVisualStudioVersion = 10.0.40219.1
Project("{FAE04EC0-301F-11D3-BF4B-00C04F79EFBC}") = "MyGame", "MyGame\MyGame.csproj", "{899D0FF1-DCBF-460A-9ACD-9E2432970E41}"
EndProject
Project("{FAE04EC0-301F-11D3-BF4B-00C04F79EFBC}") = "MyGameTests", "MyGameTests\MyGameTests.csproj", "{01B28CC6-CDB0-4293-8607-3BBBB134007A}"
EndProject
Global
	GlobalSection(SolutionConfigurationPlatforms) = preSolution
		Debug|Any CPU = Debug|Any CPU
		Release|Any CPU = Release|Any CPU
	EndGlobalSection
	GlobalSection(ProjectConfigurationPlatforms) = postSolution
		{899D0FF1-DCBF-460A-9ACD-9E2432970E41}.Debug|Any CPU.ActiveCfg = Debug|Any CPU
		{899D0FF1-DCBF-460A-9ACD-9E2432970E41}.Debug|Any CPU.Build.0 = Debug|Any CPU
		{899D0FF1-DCBF-460A-9ACD-9E2432970E41}.Release|Any CPU.ActiveCfg = Release|Any CPU
		{899D0FF1-DCBF-460A-9ACD-9E2432970E41}.Release|Any CPU.Build.0 = Release|Any CPU
		{01B28CC6-CDB0-4293-8607-3BBBB134007A}.Debug|Any CPU.ActiveCfg = Debug|Any CPU
		{01B28CC6-CDB0-4293-8607-3BBBB134007A}.Debug|Any CPU.Build.0 = Debug|Any CPU
		{01B28CC6-CDB0-4293-8607-3BBBB134007A}.Release|Any CPU.ActiveCfg = Release|Any CPU
		{01B28CC6-CDB0-4293-8607-3BBBB134007A}.Release|Any CPU.Build.0 = Release|Any CPU
	EndGlobalSection
	GlobalSection(SolutionProperties) = preSolution
		HideSolutionNode = FALSE
	EndGlobalSection
	GlobalSection(ExtensibilityGlobals) = postSolution
		SolutionGuid = {1581AB03-01F6-4D32-B2AD-9176F649FA43}
	EndGlobalSection
EndGlobal
